
Microsoft Visual Studio Solution File, Format Version 12.00
# Visual Studio 2012
Project("{FAE04EC0-301F-11D3-BF4B-00C04F79EFBC}") = "MovieCa2s00133340", "MovieCa2s00133340\MovieCa2s00133340.csproj", "{F8FCAB48-F044-4F6A-ADAD-4B3D7DBF27A0}"
EndProject
Project("{2150E333-8FDC-42A3-9474-1A3956D46DE8}") = ".nuget", ".nuget", "{5DCC582C-4CD4-46AF-BED9-23A12E5E8C32}"
	ProjectSection(SolutionItems) = preProject
		.nuget\NuGet.Config = .nuget\NuGet.Config
		.nuget\NuGet.exe = .nuget\NuGet.exe
		.nuget\NuGet.targets = .nuget\NuGet.targets
	EndProjectSection
EndProject
Global
	GlobalSection(SolutionConfigurationPlatforms) = preSolution
		Debug|Any CPU = Debug|Any CPU
		Release|Any CPU = Release|Any CPU
	EndGlobalSection
	GlobalSection(ProjectConfigurationPlatforms) = postSolution
		{F8FCAB48-F044-4F6A-ADAD-4B3D7DBF27A0}.Debug|Any CPU.ActiveCfg = Debug|Any CPU
		{F8FCAB48-F044-4F6A-ADAD-4B3D7DBF27A0}.Debug|Any CPU.Build.0 = Debug|Any CPU
		{F8FCAB48-F044-4F6A-ADAD-4B3D7DBF27A0}.Release|Any CPU.ActiveCfg = Release|Any CPU
		{F8FCAB48-F044-4F6A-ADAD-4B3D7DBF27A0}.Release|Any CPU.Build.0 = Release|Any CPU
	EndGlobalSection
	GlobalSection(SolutionProperties) = preSolution
		HideSolutionNode = FALSE
	EndGlobalSection
EndGlobal
